
Microsoft Visual Studio Solution File, Format Version 12.00
# Visual Studio 2013
VisualStudioVersion = 12.0.21005.1
MinimumVisualStudioVersion = 10.0.40219.1
Project("{FAE04EC0-301F-11D3-BF4B-00C04F79EFBC}") = "ZCJT.IBLL", "ZCJT.IBLL\ZCJT.IBLL.csproj", "{278FD1D2-D316-461A-AE92-81FAA03F9E77}"
EndProject
Project("{FAE04EC0-301F-11D3-BF4B-00C04F79EFBC}") = "ZCJT.BLL", "ZCJT.BLL\ZCJT.BLL.csproj", "{041D8D3B-4AC5-4FD0-8C15-8FB736E2425C}"
EndProject
Project("{FAE04EC0-301F-11D3-BF4B-00C04F79EFBC}") = "ZCJT.IDAL", "ZCJT.IDAL\ZCJT.IDAL.csproj", "{243E423D-8FF2-4D48-BB73-47B9F3F12686}"
EndProject
Project("{FAE04EC0-301F-11D3-BF4B-00C04F79EFBC}") = "ZCJT.DAL", "ZCJT.DAL\ZCJT.DAL.csproj", "{06D0A20B-CADF-4B04-830B-7155D2C8FF98}"
EndProject
Project("{FAE04EC0-301F-11D3-BF4B-00C04F79EFBC}") = "ZCJT.Common", "ZCJT.Common\ZCJT.Common.csproj", "{7C8AD2D5-D959-4AB0-AFE9-F3A65D734F32}"
EndProject
Project("{FAE04EC0-301F-11D3-BF4B-00C04F79EFBC}") = "ZCJT.Core", "ZCJT.Core\ZCJT.Core.csproj", "{84706F1F-5072-4CDA-8561-982CAFA588CC}"
EndProject
Project("{FAE04EC0-301F-11D3-BF4B-00C04F79EFBC}") = "ZCJT.Lang", "ZCJT.Lang\ZCJT.Lang.csproj", "{D475C88B-E1D0-418A-9A05-B56D91FFF2B5}"
EndProject
Project("{2150E333-8FDC-42A3-9474-1A3956D46DE8}") = "ZCJT.MIS", "ZCJT.MIS", "{B2E4BA37-EFE3-4CC4-BE8C-8473BAF7D2E7}"
EndProject
Project("{FAE04EC0-301F-11D3-BF4B-00C04F79EFBC}") = "ZCJT.MIS.BLL", "ZCJT.MIS.BLL\ZCJT.MIS.BLL.csproj", "{32662D3E-DD5A-4370-8C80-E4A2414FA768}"
EndProject
Project("{FAE04EC0-301F-11D3-BF4B-00C04F79EFBC}") = "ZCJT.MIS.IBLL", "ZCJT.MIS.IBLL\ZCJT.MIS.IBLL.csproj", "{93CA6179-9768-4640-9576-ACB0C777EA17}"
EndProject
Project("{FAE04EC0-301F-11D3-BF4B-00C04F79EFBC}") = "ZCJT.MIS.IDAL", "ZCJT.MIS.IDAL\ZCJT.MIS.IDAL.csproj", "{A03F5872-8A0F-4A85-A4A3-D1509481A069}"
EndProject
Project("{FAE04EC0-301F-11D3-BF4B-00C04F79EFBC}") = "ZCJT.MIS.DAL", "ZCJT.MIS.DAL\ZCJT.MIS.DAL.csproj", "{FF5F6DEB-B5B8-446B-B8A6-3FBC469A5F3A}"
EndProject
Project("{2150E333-8FDC-42A3-9474-1A3956D46DE8}") = "ZCJT.Base", "ZCJT.Base", "{383FFD27-27D5-4BA9-B1A8-64208526624E}"
EndProject
Project("{FAE04EC0-301F-11D3-BF4B-00C04F79EFBC}") = "ZCJT.BLL.Core", "ZCJT.BLL.Core\ZCJT.BLL.Core.csproj", "{E4F077F6-45AE-40B0-9C42-6776DCA4973F}"
EndProject
Project("{FAE04EC0-301F-11D3-BF4B-00C04F79EFBC}") = "ZCJT.Web", "ZCJT.Web\ZCJT.Web.csproj", "{2539C728-7BE9-4738-9C2E-0B732C28AC6F}"
EndProject
Project("{FAE04EC0-301F-11D3-BF4B-00C04F79EFBC}") = "ZCJT.Models", "ZCJT.Models\ZCJT.Models.csproj", "{92F41533-48D6-4B78-8B41-F8C652ADEB7D}"
EndProject
Project("{FAE04EC0-301F-11D3-BF4B-00C04F79EFBC}") = "ReportsApplication2", "ReportsApplication2\ReportsApplication2.csproj", "{616948F8-3715-437B-B433-CFC3FAC4A877}"
EndProject
Global
	GlobalSection(SolutionConfigurationPlatforms) = preSolution
		Debug|Any CPU = Debug|Any CPU
		Release|Any CPU = Release|Any CPU
	EndGlobalSection
	GlobalSection(ProjectConfigurationPlatforms) = postSolution
		{278FD1D2-D316-461A-AE92-81FAA03F9E77}.Debug|Any CPU.ActiveCfg = Debug|Any CPU
		{278FD1D2-D316-461A-AE92-81FAA03F9E77}.Debug|Any CPU.Build.0 = Debug|Any CPU
		{278FD1D2-D316-461A-AE92-81FAA03F9E77}.Release|Any CPU.ActiveCfg = Release|Any CPU
		{278FD1D2-D316-461A-AE92-81FAA03F9E77}.Release|Any CPU.Build.0 = Release|Any CPU
		{041D8D3B-4AC5-4FD0-8C15-8FB736E2425C}.Debug|Any CPU.ActiveCfg = Debug|Any CPU
		{041D8D3B-4AC5-4FD0-8C15-8FB736E2425C}.Debug|Any CPU.Build.0 = Debug|Any CPU
		{041D8D3B-4AC5-4FD0-8C15-8FB736E2425C}.Release|Any CPU.ActiveCfg = Release|Any CPU
		{041D8D3B-4AC5-4FD0-8C15-8FB736E2425C}.Release|Any CPU.Build.0 = Release|Any CPU
		{243E423D-8FF2-4D48-BB73-47B9F3F12686}.Debug|Any CPU.ActiveCfg = Debug|Any CPU
		{243E423D-8FF2-4D48-BB73-47B9F3F12686}.Debug|Any CPU.Build.0 = Debug|Any CPU
		{243E423D-8FF2-4D48-BB73-47B9F3F12686}.Release|Any CPU.ActiveCfg = Release|Any CPU
		{243E423D-8FF2-4D48-BB73-47B9F3F12686}.Release|Any CPU.Build.0 = Release|Any CPU
		{06D0A20B-CADF-4B04-830B-7155D2C8FF98}.Debug|Any CPU.ActiveCfg = Debug|Any CPU
		{06D0A20B-CADF-4B04-830B-7155D2C8FF98}.Debug|Any CPU.Build.0 = Debug|Any CPU
		{06D0A20B-CADF-4B04-830B-7155D2C8FF98}.Release|Any CPU.ActiveCfg = Release|Any CPU
		{06D0A20B-CADF-4B04-830B-7155D2C8FF98}.Release|Any CPU.Build.0 = Release|Any CPU
		{7C8AD2D5-D959-4AB0-AFE9-F3A65D734F32}.Debug|Any CPU.ActiveCfg = Debug|Any CPU
		{7C8AD2D5-D959-4AB0-AFE9-F3A65D734F32}.Debug|Any CPU.Build.0 = Debug|Any CPU
		{7C8AD2D5-D959-4AB0-AFE9-F3A65D734F32}.Release|Any CPU.ActiveCfg = Release|Any CPU
		{7C8AD2D5-D959-4AB0-AFE9-F3A65D734F32}.Release|Any CPU.Build.0 = Release|Any CPU
		{84706F1F-5072-4CDA-8561-982CAFA588CC}.Debug|Any CPU.ActiveCfg = Debug|Any CPU
		{84706F1F-5072-4CDA-8561-982CAFA588CC}.Debug|Any CPU.Build.0 = Debug|Any CPU
		{84706F1F-5072-4CDA-8561-982CAFA588CC}.Release|Any CPU.ActiveCfg = Release|Any CPU
		{84706F1F-5072-4CDA-8561-982CAFA588CC}.Release|Any CPU.Build.0 = Release|Any CPU
		{D475C88B-E1D0-418A-9A05-B56D91FFF2B5}.Debug|Any CPU.ActiveCfg = Debug|Any CPU
		{D475C88B-E1D0-418A-9A05-B56D91FFF2B5}.Debug|Any CPU.Build.0 = Debug|Any CPU
		{D475C88B-E1D0-418A-9A05-B56D91FFF2B5}.Release|Any CPU.ActiveCfg = Release|Any CPU
		{D475C88B-E1D0-418A-9A05-B56D91FFF2B5}.Release|Any CPU.Build.0 = Release|Any CPU
		{32662D3E-DD5A-4370-8C80-E4A2414FA768}.Debug|Any CPU.ActiveCfg = Debug|Any CPU
		{32662D3E-DD5A-4370-8C80-E4A2414FA768}.Debug|Any CPU.Build.0 = Debug|Any CPU
		{32662D3E-DD5A-4370-8C80-E4A2414FA768}.Release|Any CPU.ActiveCfg = Release|Any CPU
		{32662D3E-DD5A-4370-8C80-E4A2414FA768}.Release|Any CPU.Build.0 = Release|Any CPU
		{93CA6179-9768-4640-9576-ACB0C777EA17}.Debug|Any CPU.ActiveCfg = Debug|Any CPU
		{93CA6179-9768-4640-9576-ACB0C777EA17}.Debug|Any CPU.Build.0 = Debug|Any CPU
		{93CA6179-9768-4640-9576-ACB0C777EA17}.Release|Any CPU.ActiveCfg = Release|Any CPU
		{93CA6179-9768-4640-9576-ACB0C777EA17}.Release|Any CPU.Build.0 = Release|Any CPU
		{A03F5872-8A0F-4A85-A4A3-D1509481A069}.Debug|Any CPU.ActiveCfg = Debug|Any CPU
		{A03F5872-8A0F-4A85-A4A3-D1509481A069}.Debug|Any CPU.Build.0 = Debug|Any CPU
		{A03F5872-8A0F-4A85-A4A3-D1509481A069}.Release|Any CPU.ActiveCfg = Release|Any CPU
		{A03F5872-8A0F-4A85-A4A3-D1509481A069}.Release|Any CPU.Build.0 = Release|Any CPU
		{FF5F6DEB-B5B8-446B-B8A6-3FBC469A5F3A}.Debug|Any CPU.ActiveCfg = Debug|Any CPU
		{FF5F6DEB-B5B8-446B-B8A6-3FBC469A5F3A}.Debug|Any CPU.Build.0 = Debug|Any CPU
		{FF5F6DEB-B5B8-446B-B8A6-3FBC469A5F3A}.Release|Any CPU.ActiveCfg = Release|Any CPU
		{FF5F6DEB-B5B8-446B-B8A6-3FBC469A5F3A}.Release|Any CPU.Build.0 = Release|Any CPU
		{E4F077F6-45AE-40B0-9C42-6776DCA4973F}.Debug|Any CPU.ActiveCfg = Debug|Any CPU
		{E4F077F6-45AE-40B0-9C42-6776DCA4973F}.Debug|Any CPU.Build.0 = Debug|Any CPU
		{E4F077F6-45AE-40B0-9C42-6776DCA4973F}.Release|Any CPU.ActiveCfg = Release|Any CPU
		{E4F077F6-45AE-40B0-9C42-6776DCA4973F}.Release|Any CPU.Build.0 = Release|Any CPU
		{2539C728-7BE9-4738-9C2E-0B732C28AC6F}.Debug|Any CPU.ActiveCfg = Debug|Any CPU
		{2539C728-7BE9-4738-9C2E-0B732C28AC6F}.Debug|Any CPU.Build.0 = Debug|Any CPU
		{2539C728-7BE9-4738-9C2E-0B732C28AC6F}.Release|Any CPU.ActiveCfg = Release|Any CPU
		{2539C728-7BE9-4738-9C2E-0B732C28AC6F}.Release|Any CPU.Build.0 = Release|Any CPU
		{92F41533-48D6-4B78-8B41-F8C652ADEB7D}.Debug|Any CPU.ActiveCfg = Debug|Any CPU
		{92F41533-48D6-4B78-8B41-F8C652ADEB7D}.Debug|Any CPU.Build.0 = Debug|Any CPU
		{92F41533-48D6-4B78-8B41-F8C652ADEB7D}.Release|Any CPU.ActiveCfg = Release|Any CPU
		{92F41533-48D6-4B78-8B41-F8C652ADEB7D}.Release|Any CPU.Build.0 = Release|Any CPU
		{616948F8-3715-437B-B433-CFC3FAC4A877}.Debug|Any CPU.ActiveCfg = Debug|Any CPU
		{616948F8-3715-437B-B433-CFC3FAC4A877}.Debug|Any CPU.Build.0 = Debug|Any CPU
		{616948F8-3715-437B-B433-CFC3FAC4A877}.Release|Any CPU.ActiveCfg = Release|Any CPU
		{616948F8-3715-437B-B433-CFC3FAC4A877}.Release|Any CPU.Build.0 = Release|Any CPU
	EndGlobalSection
	GlobalSection(SolutionProperties) = preSolution
		HideSolutionNode = FALSE
	EndGlobalSection
	GlobalSection(NestedProjects) = preSolution
		{041D8D3B-4AC5-4FD0-8C15-8FB736E2425C} = {383FFD27-27D5-4BA9-B1A8-64208526624E}
		{243E423D-8FF2-4D48-BB73-47B9F3F12686} = {383FFD27-27D5-4BA9-B1A8-64208526624E}
		{06D0A20B-CADF-4B04-830B-7155D2C8FF98} = {383FFD27-27D5-4BA9-B1A8-64208526624E}
		{278FD1D2-D316-461A-AE92-81FAA03F9E77} = {383FFD27-27D5-4BA9-B1A8-64208526624E}
		{E4F077F6-45AE-40B0-9C42-6776DCA4973F} = {383FFD27-27D5-4BA9-B1A8-64208526624E}
		{32662D3E-DD5A-4370-8C80-E4A2414FA768} = {B2E4BA37-EFE3-4CC4-BE8C-8473BAF7D2E7}
		{93CA6179-9768-4640-9576-ACB0C777EA17} = {B2E4BA37-EFE3-4CC4-BE8C-8473BAF7D2E7}
		{A03F5872-8A0F-4A85-A4A3-D1509481A069} = {B2E4BA37-EFE3-4CC4-BE8C-8473BAF7D2E7}
		{FF5F6DEB-B5B8-446B-B8A6-3FBC469A5F3A} = {B2E4BA37-EFE3-4CC4-BE8C-8473BAF7D2E7}
	EndGlobalSection
EndGlobal
